
Microsoft Visual Studio Solution File, Format Version 12.00
# Visual Studio Version 17
VisualStudioVersion = 17.5.2.0
MinimumVisualStudioVersion = 10.0.40219.1
Project("{FAE04EC0-301F-11D3-BF4B-00C04F79EFBC}") = "LibraryApi", "LibraryApi.csproj", "{01100CCC-3A51-3B80-B73A-4C3569D99999}"
EndProject
Project("{FAE04EC0-301F-11D3-BF4B-00C04F79EFBC}") = "LibraryApi.Test", "..\LibraryApi.Test\LibraryApi.Test.csproj", "{C8E765D2-A34E-4EFB-BBD3-16C4A7710BBF}"
EndProject
Global
	GlobalSection(SolutionConfigurationPlatforms) = preSolution
		Debug|Any CPU = Debug|Any CPU
		Debug|x64 = Debug|x64
		Debug|x86 = Debug|x86
		Release|Any CPU = Release|Any CPU
		Release|x64 = Release|x64
		Release|x86 = Release|x86
	EndGlobalSection
	GlobalSection(ProjectConfigurationPlatforms) = postSolution
		{01100CCC-3A51-3B80-B73A-4C3569D99999}.Debug|Any CPU.ActiveCfg = Debug|Any CPU
		{01100CCC-3A51-3B80-B73A-4C3569D99999}.Debug|Any CPU.Build.0 = Debug|Any CPU
		{01100CCC-3A51-3B80-B73A-4C3569D99999}.Debug|x64.ActiveCfg = Debug|Any CPU
		{01100CCC-3A51-3B80-B73A-4C3569D99999}.Debug|x64.Build.0 = Debug|Any CPU
		{01100CCC-3A51-3B80-B73A-4C3569D99999}.Debug|x86.ActiveCfg = Debug|Any CPU
		{01100CCC-3A51-3B80-B73A-4C3569D99999}.Debug|x86.Build.0 = Debug|Any CPU
		{01100CCC-3A51-3B80-B73A-4C3569D99999}.Release|Any CPU.ActiveCfg = Release|Any CPU
		{01100CCC-3A51-3B80-B73A-4C3569D99999}.Release|Any CPU.Build.0 = Release|Any CPU
		{01100CCC-3A51-3B80-B73A-4C3569D99999}.Release|x64.ActiveCfg = Release|Any CPU
		{01100CCC-3A51-3B80-B73A-4C3569D99999}.Release|x64.Build.0 = Release|Any CPU
		{01100CCC-3A51-3B80-B73A-4C3569D99999}.Release|x86.ActiveCfg = Release|Any CPU
		{01100CCC-3A51-3B80-B73A-4C3569D99999}.Release|x86.Build.0 = Release|Any CPU
		{C8E765D2-A34E-4EFB-BBD3-16C4A7710BBF}.Debug|Any CPU.ActiveCfg = Debug|Any CPU
		{C8E765D2-A34E-4EFB-BBD3-16C4A7710BBF}.Debug|Any CPU.Build.0 = Debug|Any CPU
		{C8E765D2-A34E-4EFB-BBD3-16C4A7710BBF}.Debug|x64.ActiveCfg = Debug|Any CPU
		{C8E765D2-A34E-4EFB-BBD3-16C4A7710BBF}.Debug|x64.Build.0 = Debug|Any CPU
		{C8E765D2-A34E-4EFB-BBD3-16C4A7710BBF}.Debug|x86.ActiveCfg = Debug|Any CPU
		{C8E765D2-A34E-4EFB-BBD3-16C4A7710BBF}.Debug|x86.Build.0 = Debug|Any CPU
		{C8E765D2-A34E-4EFB-BBD3-16C4A7710BBF}.Release|Any CPU.ActiveCfg = Release|Any CPU
		{C8E765D2-A34E-4EFB-BBD3-16C4A7710BBF}.Release|Any CPU.Build.0 = Release|Any CPU
		{C8E765D2-A34E-4EFB-BBD3-16C4A7710BBF}.Release|x64.ActiveCfg = Release|Any CPU
		{C8E765D2-A34E-4EFB-BBD3-16C4A7710BBF}.Release|x64.Build.0 = Release|Any CPU
		{C8E765D2-A34E-4EFB-BBD3-16C4A7710BBF}.Release|x86.ActiveCfg = Release|Any CPU
		{C8E765D2-A34E-4EFB-BBD3-16C4A7710BBF}.Release|x86.Build.0 = Release|Any CPU
	EndGlobalSection
	GlobalSection(SolutionProperties) = preSolution
		HideSolutionNode = FALSE
	EndGlobalSection
	GlobalSection(ExtensibilityGlobals) = postSolution
		SolutionGuid = {8E5982C3-F630-4CD6-8783-A5174FA56682}
	EndGlobalSection
EndGlobal
